
Microsoft Visual Studio Solution File, Format Version 12.00
# Visual Studio Version 16
VisualStudioVersion = 16.0.31019.35
MinimumVisualStudioVersion = 10.0.40219.1
Project("{FAE04EC0-301F-11D3-BF4B-00C04F79EFBC}") = "109_2Mid", "109_2Mid\109_2Mid.csproj", "{C911ADBD-6A87-4C1D-8C45-33EA0175E1B0}"
EndProject
Global
	GlobalSection(SolutionConfigurationPlatforms) = preSolution
		Debug|Any CPU = Debug|Any CPU
		Release|Any CPU = Release|Any CPU
	EndGlobalSection
	GlobalSection(ProjectConfigurationPlatforms) = postSolution
		{C911ADBD-6A87-4C1D-8C45-33EA0175E1B0}.Debug|Any CPU.ActiveCfg = Debug|Any CPU
		{C911ADBD-6A87-4C1D-8C45-33EA0175E1B0}.Debug|Any CPU.Build.0 = Debug|Any CPU
		{C911ADBD-6A87-4C1D-8C45-33EA0175E1B0}.Release|Any CPU.ActiveCfg = Release|Any CPU
		{C911ADBD-6A87-4C1D-8C45-33EA0175E1B0}.Release|Any CPU.Build.0 = Release|Any CPU
	EndGlobalSection
	GlobalSection(SolutionProperties) = preSolution
		HideSolutionNode = FALSE
	EndGlobalSection
	GlobalSection(ExtensibilityGlobals) = postSolution
		SolutionGuid = {1C36C311-E755-4746-B1C5-73468B1A24C3}
	EndGlobalSection
EndGlobal
